
Microsoft Visual Studio Solution File, Format Version 12.00
# Visual Studio 15
VisualStudioVersion = 15.0.28307.1000
MinimumVisualStudioVersion = 10.0.40219.1
Project("{8BC9CEB8-8B4A-11D0-8D11-00A0C91BC942}") = "LongestCommonPrefix", "LongestCommonPrefix\LongestCommonPrefix.vcxproj", "{E3CF9BC9-68FE-469F-A056-888AF091EC90}"
EndProject
Global
	GlobalSection(SolutionConfigurationPlatforms) = preSolution
		Debug|x64 = Debug|x64
		Debug|x86 = Debug|x86
		Release|x64 = Release|x64
		Release|x86 = Release|x86
	EndGlobalSection
	GlobalSection(ProjectConfigurationPlatforms) = postSolution
		{E3CF9BC9-68FE-469F-A056-888AF091EC90}.Debug|x64.ActiveCfg = Debug|x64
		{E3CF9BC9-68FE-469F-A056-888AF091EC90}.Debug|x64.Build.0 = Debug|x64
		{E3CF9BC9-68FE-469F-A056-888AF091EC90}.Debug|x86.ActiveCfg = Debug|Win32
		{E3CF9BC9-68FE-469F-A056-888AF091EC90}.Debug|x86.Build.0 = Debug|Win32
		{E3CF9BC9-68FE-469F-A056-888AF091EC90}.Release|x64.ActiveCfg = Release|x64
		{E3CF9BC9-68FE-469F-A056-888AF091EC90}.Release|x64.Build.0 = Release|x64
		{E3CF9BC9-68FE-469F-A056-888AF091EC90}.Release|x86.ActiveCfg = Release|Win32
		{E3CF9BC9-68FE-469F-A056-888AF091EC90}.Release|x86.Build.0 = Release|Win32
	EndGlobalSection
	GlobalSection(SolutionProperties) = preSolution
		HideSolutionNode = FALSE
	EndGlobalSection
	GlobalSection(ExtensibilityGlobals) = postSolution
		SolutionGuid = {9DFA19CC-0C9A-4877-B100-42612BB8CAC6}
	EndGlobalSection
EndGlobal
