<?xml version="1.0" encoding="utf-8"?>
<Project ToolsVersion="4.0" xmlns="http://schemas.microsoft.com/developer/msbuild/2003">
  <ItemGroup>
    <Filter Include="Mock Files">
      <UniqueIdentifier>{c9fa3af9-b425-43f4-a79b-3ec50b02f68f}</UniqueIdentifier>
    </Filter>
    <Filter Include="Embedded C Files">
      <UniqueIdentifier>{2812414e-0e6f-483b-ab6d-27aec0028763}</UniqueIdentifier>
    </Filter>
    <Filter Include="Unit Test Files">
      <UniqueIdentifier>{4FC737F1-C7A5-4376-A066-2A32D752A2FF}</UniqueIdentifier>
      <Extensions>cpp;c;cc;cxx;def;odl;idl;hpj;bat;asm;asmx</Extensions>
    </Filter>
  </ItemGroup>
  <ItemGroup>
    <ClCompile Include="QueueUnitTest.cpp">
      <Filter>Unit Test Files</Filter>
    </ClCompile>
    <ClCompile Include="Queue.c">
      <Filter>Embedded C Files</Filter>
    </ClCompile>
    <ClCompile Include="Main.cpp" />
    <ClCompile Include="Oscillator.c">
      <Filter>Embedded C Files</Filter>
    </ClCompile>
    <ClCompile Include="Gpio.c">
      <Filter>Embedded C Files</Filter>
    </ClCompile>
    <ClCompile Include="stdafx.cpp" />
    <ClCompile Include="FakeServices.cpp">
      <Filter>Mock Files</Filter>
    </ClCompile>
    <ClCompile Include="CallingServices.c">
      <Filter>Embedded C Files</Filter>
    </ClCompile>
    <ClCompile Include="CallingServicesUnitTest.cpp">
      <Filter>Unit Test Files</Filter>
    </ClCompile>
    <ClCompile Include="Fixture.cpp">
      <Filter>Mock Files</Filter>
    </ClCompile>
    <ClCompile Include="CallingModuleWithHooks.c">
      <Filter>Embedded C Files</Filter>
    </ClCompile>
    <ClCompile Include="CallingModuleWithHooksUnitTest.cpp">
      <Filter>Unit Test Files</Filter>
    </ClCompile>
    <ClCompile Include="Stub.c">
      <Filter>Embedded C Files</Filter>
    </ClCompile>
    <ClCompile Include="ArrayUnitTest.cpp">
      <Filter>Unit Test Files</Filter>
    </ClCompile>
    <ClCompile Include="StubUnitTest.cpp">
      <Filter>Unit Test Files</Filter>
    </ClCompile>
    <ClCompile Include="Array.c">
      <Filter>Embedded C Files</Filter>
    </ClCompile>
  </ItemGroup>
  <ItemGroup>
    <ClInclude Include="stdafx.h" />
    <ClInclude Include="MockHooks.h">
      <Filter>Mock Files</Filter>
    </ClInclude>
    <ClInclude Include="ServicesMocks.h">
      <Filter>Mock Files</Filter>
    </ClInclude>
    <ClInclude Include="Fixture.h">
      <Filter>Mock Files</Filter>
    </ClInclude>
    <ClInclude Include="Queue.h">
      <Filter>Embedded C Files</Filter>
    </ClInclude>
    <ClInclude Include="Oscillator.h">
      <Filter>Embedded C Files</Filter>
    </ClInclude>
    <ClInclude Include="Gpio.h">
      <Filter>Embedded C Files</Filter>
    </ClInclude>
    <ClInclude Include="CallingServices.h">
      <Filter>Embedded C Files</Filter>
    </ClInclude>
    <ClInclude Include="CallingModuleWithHooks.h">
      <Filter>Embedded C Files</Filter>
    </ClInclude>
    <ClInclude Include="QueueMock.h">
      <Filter>Mock Files</Filter>
    </ClInclude>
    <ClInclude Include="ModuleMock.h">
      <Filter>Mock Files</Filter>
    </ClInclude>
    <ClInclude Include="Stub.h">
      <Filter>Embedded C Files</Filter>
    </ClInclude>
    <ClInclude Include="StubMock.h">
      <Filter>Mock Files</Filter>
    </ClInclude>
    <ClInclude Include="Array.h">
      <Filter>Embedded C Files</Filter>
    </ClInclude>
  </ItemGroup>
  <ItemGroup>
    <Text Include="ReadMe.txt" />
  </ItemGroup>
</Project>